// !$*UTF8*$!
{
	archiveVersion = 1;
	classes = {
	};
	objectVersion = 50;
	objects = {

/* Begin PBXBuildFile section */
		5839B15021ABDC69005418CA /* main.cpp in Sources */ = {isa = PBXBuildFile; fileRef = 5839B14F21ABDC69005418CA /* main.cpp */; };
		589DF86721E98C1F009732FD /* main.m in Sources */ = {isa = PBXBuildFile; fileRef = 589DF86621E98C1F009732FD /* main.m */; };
/* End PBXBuildFile section */

/* Begin PBXCopyFilesBuildPhase section */
		5839B14A21ABDC69005418CA /* CopyFiles */ = {
			isa = PBXCopyFilesBuildPhase;
			buildActionMask = 2147483647;
			dstPath = /usr/share/man/man1/;
			dstSubfolderSpec = 0;
			files = (
			);
			runOnlyForDeploymentPostprocessing = 1;
		};
		589DF86221E98C1F009732FD /* CopyFiles */ = {
			isa = PBXCopyFilesBuildPhase;
			buildActionMask = 2147483647;
			dstPath = /usr/share/man/man1/;
			dstSubfolderSpec = 0;
			files = (
			);
			runOnlyForDeploymentPostprocessing = 1;
		};
/* End PBXCopyFilesBuildPhase section */

/* Begin PBXFileReference section */
		5839B14C21ABDC69005418CA /* CSAPP */ = {isa = PBXFileReference; explicitFileType = "compiled.mach-o.executable"; includeInIndex = 0; path = CSAPP; sourceTree = BUILT_PRODUCTS_DIR; };
		5839B14F21ABDC69005418CA /* main.cpp */ = {isa = PBXFileReference; lastKnownFileType = sourcecode.cpp.cpp; path = main.cpp; sourceTree = "<group>"; };
		589DF86421E98C1F009732FD /* StructAndUnion */ = {isa = PBXFileReference; explicitFileType = "compiled.mach-o.executable"; includeInIndex = 0; path = StructAndUnion; sourceTree = BUILT_PRODUCTS_DIR; };
		589DF86621E98C1F009732FD /* main.m */ = {isa = PBXFileReference; lastKnownFileType = sourcecode.c.objc; path = main.m; sourceTree = "<group>"; };
/* End PBXFileReference section */

/* Begin PBXFrameworksBuildPhase section */
		5839B14921ABDC69005418CA /* Frameworks */ = {
			isa = PBXFrameworksBuildPhase;
			buildActionMask = 2147483647;
			files = (
			);
			runOnlyForDeploymentPostprocessing = 0;
		};
		589DF86121E98C1F009732FD /* Frameworks */ = {
			isa = PBXFrameworksBuildPhase;
			buildActionMask = 2147483647;
			files = (
			);
			runOnlyForDeploymentPostprocessing = 0;
		};
/* End PBXFrameworksBuildPhase section */

/* Begin PBXGroup section */
		5839B14321ABDC69005418CA = {
			isa = PBXGroup;
			children = (
				5839B14E21ABDC69005418CA /* CSAPP */,
				589DF86521E98C1F009732FD /* StructAndUnion */,
				5839B14D21ABDC69005418CA /* Products */,
			);
			sourceTree = "<group>";
		};
		5839B14D21ABDC69005418CA /* Products */ = {
			isa = PBXGroup;
			children = (
				5839B14C21ABDC69005418CA /* CSAPP */,
				589DF86421E98C1F009732FD /* StructAndUnion */,
			);
			name = Products;
			sourceTree = "<group>";
		};
		5839B14E21ABDC69005418CA /* CSAPP */ = {
			isa = PBXGroup;
			children = (
				5839B14F21ABDC69005418CA /* main.cpp */,
			);
			path = CSAPP;
			sourceTree = "<group>";
		};
		589DF86521E98C1F009732FD /* StructAndUnion */ = {
			isa = PBXGroup;
			children = (
				589DF86621E98C1F009732FD /* main.m */,
			);
			path = StructAndUnion;
			sourceTree = "<group>";
		};
/* End PBXGroup section */

/* Begin PBXNativeTarget section */
		5839B14B21ABDC69005418CA /* CSAPP */ = {
			isa = PBXNativeTarget;
			buildConfigurationList = 5839B15321ABDC69005418CA /* Build configuration list for PBXNativeTarget "CSAPP" */;
			buildPhases = (
				5839B14821ABDC69005418CA /* Sources */,
				5839B14921ABDC69005418CA /* Frameworks */,
				5839B14A21ABDC69005418CA /* CopyFiles */,
			);
			buildRules = (
			);
			dependencies = (
			);
			name = CSAPP;
			productName = CSAPP;
			productReference = 5839B14C21ABDC69005418CA /* CSAPP */;
			productType = "com.apple.product-type.tool";
		};
		589DF86321E98C1F009732FD /* StructAndUnion */ = {
			isa = PBXNativeTarget;
			buildConfigurationList = 589DF86A21E98C1F009732FD /* Build configuration list for PBXNativeTarget "StructAndUnion" */;
			buildPhases = (
				589DF86021E98C1F009732FD /* Sources */,
				589DF86121E98C1F009732FD /* Frameworks */,
				589DF86221E98C1F009732FD /* CopyFiles */,
			);
			buildRules = (
			);
			dependencies = (
			);
			name = StructAndUnion;
			productName = StructAndUnion;
			productReference = 589DF86421E98C1F009732FD /* StructAndUnion */;
			productType = "com.apple.product-type.tool";
		};
/* End PBXNativeTarget section */

/* Begin PBXProject section */
		5839B14421ABDC69005418CA /* Project object */ = {
			isa = PBXProject;
			attributes = {
				LastUpgradeCheck = 1000;
				ORGANIZATIONNAME = ShannonChen;
				TargetAttributes = {
					5839B14B21ABDC69005418CA = {
						CreatedOnToolsVersion = 10.0;
					};
					589DF86321E98C1F009732FD = {
						CreatedOnToolsVersion = 10.0;
					};
				};
			};
			buildConfigurationList = 5839B14721ABDC69005418CA /* Build configuration list for PBXProject "CSAPP" */;
			compatibilityVersion = "Xcode 9.3";
			developmentRegion = en;
			hasScannedForEncodings = 0;
			knownRegions = (
				en,
			);
			mainGroup = 5839B14321ABDC69005418CA;
			productRefGroup = 5839B14D21ABDC69005418CA /* Products */;
			projectDirPath = "";
			projectRoot = "";
			targets = (
				5839B14B21ABDC69005418CA /* CSAPP */,
				589DF86321E98C1F009732FD /* StructAndUnion */,
			);
		};
/* End PBXProject section */

/* Begin PBXSourcesBuildPhase section */
		5839B14821ABDC69005418CA /* Sources */ = {
			isa = PBXSourcesBuildPhase;
			buildActionMask = 2147483647;
			files = (
				5839B15021ABDC69005418CA /* main.cpp in Sources */,
			);
			runOnlyForDeploymentPostprocessing = 0;
		};
		589DF86021E98C1F009732FD /* Sources */ = {
			isa = PBXSourcesBuildPhase;
			buildActionMask = 2147483647;
			files = (
				589DF86721E98C1F009732FD /* main.m in Sources */,
			);
			runOnlyForDeploymentPostprocessing = 0;
		};
/* End PBXSourcesBuildPhase section */

/* Begin XCBuildConfiguration section */
		5839B15121ABDC69005418CA /* Debug */ = {
			isa = XCBuildConfiguration;
			buildSettings = {
				ALWAYS_SEARCH_USER_PATHS = NO;
				CLANG_ANALYZER_NONNULL = YES;
				CLANG_ANALYZER_NUMBER_OBJECT_CONVERSION = YES_AGGRESSIVE;
				CLANG_CXX_LANGUAGE_STANDARD = "gnu++14";
				CLANG_CXX_LIBRARY = "libc++";
				CLANG_ENABLE_MODULES = YES;
				CLANG_ENABLE_OBJC_ARC = YES;
				CLANG_ENABLE_OBJC_WEAK = YES;
				CLANG_WARN_BLOCK_CAPTURE_AUTORELEASING = YES;
				CLANG_WARN_BOOL_CONVERSION = YES;
				CLANG_WARN_COMMA = YES;
				CLANG_WARN_CONSTANT_CONVERSION = YES;
				CLANG_WARN_DEPRECATED_OBJC_IMPLEMENTATIONS = YES;
				CLANG_WARN_DIRECT_OBJC_ISA_USAGE = YES_ERROR;
				CLANG_WARN_DOCUMENTATION_COMMENTS = YES;
				CLANG_WARN_EMPTY_BODY = YES;
				CLANG_WARN_ENUM_CONVERSION = YES;
				CLANG_WARN_INFINITE_RECURSION = YES;
				CLANG_WARN_INT_CONVERSION = YES;
				CLANG_WARN_NON_LITERAL_NULL_CONVERSION = YES;
				CLANG_WARN_OBJC_IMPLICIT_RETAIN_SELF = YES;
				CLANG_WARN_OBJC_LITERAL_CONVERSION = YES;
				CLANG_WARN_OBJC_ROOT_CLASS = YES_ERROR;
				CLANG_WARN_RANGE_LOOP_ANALYSIS = YES;
				CLANG_WARN_STRICT_PROTOTYPES = YES;
				CLANG_WARN_SUSPICIOUS_MOVE = YES;
				CLANG_WARN_UNGUARDED_AVAILABILITY = YES_AGGRESSIVE;
				CLANG_WARN_UNREACHABLE_CODE = YES;
				CLANG_WARN__DUPLICATE_METHOD_MATCH = YES;
				CODE_SIGN_IDENTITY = "Mac Developer";
				COPY_PHASE_STRIP = NO;
				DEBUG_INFORMATION_FORMAT = dwarf;
				ENABLE_STRICT_OBJC_MSGSEND = YES;
				ENABLE_TESTABILITY = YES;
				GCC_C_LANGUAGE_STANDARD = gnu11;
				GCC_DYNAMIC_NO_PIC = NO;
				GCC_NO_COMMON_BLOCKS = YES;
				GCC_OPTIMIZATION_LEVEL = 0;
				GCC_PREPROCESSOR_DEFINITIONS = (
					"DEBUG=1",
					"$(inherited)",
				);
				GCC_WARN_64_TO_32_BIT_CONVERSION = YES;
				GCC_WARN_ABOUT_RETURN_TYPE = YES_ERROR;
				GCC_WARN_UNDECLARED_SELECTOR = YES;
				GCC_WARN_UNINITIALIZED_AUTOS = YES_AGGRESSIVE;
				GCC_WARN_UNUSED_FUNCTION = YES;
				GCC_WARN_UNUSED_VARIABLE = YES;
				MACOSX_DEPLOYMENT_TARGET = 10.13;
				MTL_ENABLE_DEBUG_INFO = INCLUDE_SOURCE;
				MTL_FAST_MATH = YES;
				ONLY_ACTIVE_ARCH = YES;
				SDKROOT = macosx;
			};
			name = Debug;
		};
		5839B15221ABDC69005418CA /* Release */ = {
			isa = XCBuildConfiguration;
			buildSettings = {
				ALWAYS_SEARCH_USER_PATHS = NO;
				CLANG_ANALYZER_NONNULL = YES;
				CLANG_ANALYZER_NUMBER_OBJECT_CONVERSION = YES_AGGRESSIVE;
				CLANG_CXX_LANGUAGE_STANDARD = "gnu++14";
				CLANG_CXX_LIBRARY = "libc++";
				CLANG_ENABLE_MODULES = YES;
				CLANG_ENABLE_OBJC_ARC = YES;
				CLANG_ENABLE_OBJC_WEAK = YES;
				CLANG_WARN_BLOCK_CAPTURE_AUTORELEASING = YES;
				CLANG_WARN_BOOL_CONVERSION = YES;
				CLANG_WARN_COMMA = YES;
				CLANG_WARN_CONSTANT_CONVERSION = YES;
				CLANG_WARN_DEPRECATED_OBJC_IMPLEMENTATIONS = YES;
				CLANG_WARN_DIRECT_OBJC_ISA_USAGE = YES_ERROR;
				CLANG_WARN_DOCUMENTATION_COMMENTS = YES;
				CLANG_WARN_EMPTY_BODY = YES;
				CLANG_WARN_ENUM_CONVERSION = YES;
				CLANG_WARN_INFINITE_RECURSION = YES;
				CLANG_WARN_INT_CONVERSION = YES;
				CLANG_WARN_NON_LITERAL_NULL_CONVERSION = YES;
				CLANG_WARN_OBJC_IMPLICIT_RETAIN_SELF = YES;
				CLANG_WARN_OBJC_LITERAL_CONVERSION = YES;
				CLANG_WARN_OBJC_ROOT_CLASS = YES_ERROR;
				CLANG_WARN_RANGE_LOOP_ANALYSIS = YES;
				CLANG_WARN_STRICT_PROTOTYPES = YES;
				CLANG_WARN_SUSPICIOUS_MOVE = YES;
				CLANG_WARN_UNGUARDED_AVAILABILITY = YES_AGGRESSIVE;
				CLANG_WARN_UNREACHABLE_CODE = YES;
				CLANG_WARN__DUPLICATE_METHOD_MATCH = YES;
				CODE_SIGN_IDENTITY = "Mac Developer";
				COPY_PHASE_STRIP = NO;
				DEBUG_INFORMATION_FORMAT = "dwarf-with-dsym";
				ENABLE_NS_ASSERTIONS = NO;
				ENABLE_STRICT_OBJC_MSGSEND = YES;
				GCC_C_LANGUAGE_STANDARD = gnu11;
				GCC_NO_COMMON_BLOCKS = YES;
				GCC_WARN_64_TO_32_BIT_CONVERSION = YES;
				GCC_WARN_ABOUT_RETURN_TYPE = YES_ERROR;
				GCC_WARN_UNDECLARED_SELECTOR = YES;
				GCC_WARN_UNINITIALIZED_AUTOS = YES_AGGRESSIVE;
				GCC_WARN_UNUSED_FUNCTION = YES;
				GCC_WARN_UNUSED_VARIABLE = YES;
				MACOSX_DEPLOYMENT_TARGET = 10.13;
				MTL_ENABLE_DEBUG_INFO = NO;
				MTL_FAST_MATH = YES;
				SDKROOT = macosx;
			};
			name = Release;
		};
		5839B15421ABDC69005418CA /* Debug */ = {
			isa = XCBuildConfiguration;
			buildSettings = {
				CODE_SIGN_STYLE = Automatic;
				DEVELOPMENT_TEAM = L32PN8QKLZ;
				PRODUCT_NAME = "$(TARGET_NAME)";
			};
			name = Debug;
		};
		5839B15521ABDC69005418CA /* Release */ = {
			isa = XCBuildConfiguration;
			buildSettings = {
				CODE_SIGN_STYLE = Automatic;
				DEVELOPMENT_TEAM = L32PN8QKLZ;
				PRODUCT_NAME = "$(TARGET_NAME)";
			};
			name = Release;
		};
		589DF86821E98C1F009732FD /* Debug */ = {
			isa = XCBuildConfiguration;
			buildSettings = {
				CODE_SIGN_STYLE = Automatic;
				DEVELOPMENT_TEAM = L32PN8QKLZ;
				PRODUCT_NAME = "$(TARGET_NAME)";
			};
			name = Debug;
		};
		589DF86921E98C1F009732FD /* Release */ = {
			isa = XCBuildConfiguration;
			buildSettings = {
				CODE_SIGN_STYLE = Automatic;
				DEVELOPMENT_TEAM = L32PN8QKLZ;
				PRODUCT_NAME = "$(TARGET_NAME)";
			};
			name = Release;
		};
/* End XCBuildConfiguration section */

/* Begin XCConfigurationList section */
		5839B14721ABDC69005418CA /* Build configuration list for PBXProject "CSAPP" */ = {
			isa = XCConfigurationList;
			buildConfigurations = (
				5839B15121ABDC69005418CA /* Debug */,
				5839B15221ABDC69005418CA /* Release */,
			);
			defaultConfigurationIsVisible = 0;
			defaultConfigurationName = Release;
		};
		5839B15321ABDC69005418CA /* Build configuration list for PBXNativeTarget "CSAPP" */ = {
			isa = XCConfigurationList;
			buildConfigurations = (
				5839B15421ABDC69005418CA /* Debug */,
				5839B15521ABDC69005418CA /* Release */,
			);
			defaultConfigurationIsVisible = 0;
			defaultConfigurationName = Release;
		};
		589DF86A21E98C1F009732FD /* Build configuration list for PBXNativeTarget "StructAndUnion" */ = {
			isa = XCConfigurationList;
			buildConfigurations = (
				589DF86821E98C1F009732FD /* Debug */,
				589DF86921E98C1F009732FD /* Release */,
			);
			defaultConfigurationIsVisible = 0;
			defaultConfigurationName = Release;
		};
/* End XCConfigurationList section */
	};
	rootObject = 5839B14421ABDC69005418CA /* Project object */;
}
